
Microsoft Visual Studio Solution File, Format Version 12.00
# Visual Studio Version 16
VisualStudioVersion = 16.0.29519.87
MinimumVisualStudioVersion = 10.0.40219.1
Project("{9A19103F-16F7-4668-BE54-9A1E7A4F7556}") = "Oefenplatform.WebAPI", "Oefenplatform.WebAPI\Oefenplatform.WebAPI.csproj", "{56E6661F-1A2B-4308-AC67-A10A2F2945C7}"
EndProject
Project("{9A19103F-16F7-4668-BE54-9A1E7A4F7556}") = "Oefenplatform.Lib", "Oefenplatform.Lib\Oefenplatform.Lib.csproj", "{16CCDA86-A511-476E-A903-5AA544F342D0}"
EndProject
Project("{9A19103F-16F7-4668-BE54-9A1E7A4F7556}") = "Oefenplatform.MVC", "Oefenplatform.MVC\Oefenplatform.MVC.csproj", "{86012734-61FC-4DFC-B45B-D3F3DC6D7230}"
EndProject
Global
	GlobalSection(SolutionConfigurationPlatforms) = preSolution
		Debug|Any CPU = Debug|Any CPU
		Release|Any CPU = Release|Any CPU
	EndGlobalSection
	GlobalSection(ProjectConfigurationPlatforms) = postSolution
		{56E6661F-1A2B-4308-AC67-A10A2F2945C7}.Debug|Any CPU.ActiveCfg = Debug|Any CPU
		{56E6661F-1A2B-4308-AC67-A10A2F2945C7}.Debug|Any CPU.Build.0 = Debug|Any CPU
		{56E6661F-1A2B-4308-AC67-A10A2F2945C7}.Release|Any CPU.ActiveCfg = Release|Any CPU
		{56E6661F-1A2B-4308-AC67-A10A2F2945C7}.Release|Any CPU.Build.0 = Release|Any CPU
		{16CCDA86-A511-476E-A903-5AA544F342D0}.Debug|Any CPU.ActiveCfg = Debug|Any CPU
		{16CCDA86-A511-476E-A903-5AA544F342D0}.Debug|Any CPU.Build.0 = Debug|Any CPU
		{16CCDA86-A511-476E-A903-5AA544F342D0}.Release|Any CPU.ActiveCfg = Release|Any CPU
		{16CCDA86-A511-476E-A903-5AA544F342D0}.Release|Any CPU.Build.0 = Release|Any CPU
		{86012734-61FC-4DFC-B45B-D3F3DC6D7230}.Debug|Any CPU.ActiveCfg = Debug|Any CPU
		{86012734-61FC-4DFC-B45B-D3F3DC6D7230}.Debug|Any CPU.Build.0 = Debug|Any CPU
		{86012734-61FC-4DFC-B45B-D3F3DC6D7230}.Release|Any CPU.ActiveCfg = Release|Any CPU
		{86012734-61FC-4DFC-B45B-D3F3DC6D7230}.Release|Any CPU.Build.0 = Release|Any CPU
	EndGlobalSection
	GlobalSection(SolutionProperties) = preSolution
		HideSolutionNode = FALSE
	EndGlobalSection
	GlobalSection(ExtensibilityGlobals) = postSolution
		SolutionGuid = {B17DB0C1-CD8C-453C-AFA0-8DB3D05AE8AF}
	EndGlobalSection
EndGlobal
